// !$*UTF8*$!
{
	archiveVersion = 1;
	classes = {
	};
	objectVersion = 48;
	objects = {

/* Begin PBXBuildFile section */
		8D89D1BD208F179A00F1C98D /* SimpleValuesViewController.swift in Sources */ = {isa = PBXBuildFile; fileRef = 8D89D1B5208F179A00F1C98D /* SimpleValuesViewController.swift */; };
		8D89D1D9208F18CE00F1C98D /* ControlFlowViewController.swift in Sources */ = {isa = PBXBuildFile; fileRef = 8D89D1D8208F18CE00F1C98D /* ControlFlowViewController.swift */; };
		8D89D1F0208F194000F1C98D /* TheBasicsViewController.swift in Sources */ = {isa = PBXBuildFile; fileRef = 8D89D1EF208F194000F1C98D /* TheBasicsViewController.swift */; };
		8D89D1F2208F196C00F1C98D /* AboutTheLanguageReferenceViewController.swift in Sources */ = {isa = PBXBuildFile; fileRef = 8D89D1F1208F196C00F1C98D /* AboutTheLanguageReferenceViewController.swift */; };
		8D89D1F4208F19E500F1C98D /* AccessControlViewController.swift in Sources */ = {isa = PBXBuildFile; fileRef = 8D89D1F3208F19E500F1C98D /* AccessControlViewController.swift */; };
		8DB28958208F07D40090EC85 /* Siwft4_________Tests.swift in Sources */ = {isa = PBXBuildFile; fileRef = 8DB28957208F07D40090EC85 /* Siwft4_________Tests.swift */; };
		8DB28963208F07D40090EC85 /* Siwft4_________UITests.swift in Sources */ = {isa = PBXBuildFile; fileRef = 8DB28962208F07D40090EC85 /* Siwft4_________UITests.swift */; };
		8DB289B1208F100F0090EC85 /* AppDelegate.swift in Sources */ = {isa = PBXBuildFile; fileRef = 8DB289A9208F100F0090EC85 /* AppDelegate.swift */; };
		8DB289B2208F100F0090EC85 /* Assets.xcassets in Resources */ = {isa = PBXBuildFile; fileRef = 8DB289AA208F100F0090EC85 /* Assets.xcassets */; };
		8DB289B3208F100F0090EC85 /* LaunchScreen.storyboard in Resources */ = {isa = PBXBuildFile; fileRef = 8DB289AB208F100F0090EC85 /* LaunchScreen.storyboard */; };
		8DB289B4208F100F0090EC85 /* Main.storyboard in Resources */ = {isa = PBXBuildFile; fileRef = 8DB289AD208F100F0090EC85 /* Main.storyboard */; };
		8DB289B5208F100F0090EC85 /* Info.plist in Resources */ = {isa = PBXBuildFile; fileRef = 8DB289AF208F100F0090EC85 /* Info.plist */; };
		8DB289B6208F100F0090EC85 /* ViewController.swift in Sources */ = {isa = PBXBuildFile; fileRef = 8DB289B0208F100F0090EC85 /* ViewController.swift */; };
/* End PBXBuildFile section */

/* Begin PBXContainerItemProxy section */
		8DB28954208F07D40090EC85 /* PBXContainerItemProxy */ = {
			isa = PBXContainerItemProxy;
			containerPortal = 8DB28937208F07D40090EC85 /* Project object */;
			proxyType = 1;
			remoteGlobalIDString = 8DB2893E208F07D40090EC85;
			remoteInfo = "Siwft4 基础知识复习总结";
		};
		8DB2895F208F07D40090EC85 /* PBXContainerItemProxy */ = {
			isa = PBXContainerItemProxy;
			containerPortal = 8DB28937208F07D40090EC85 /* Project object */;
			proxyType = 1;
			remoteGlobalIDString = 8DB2893E208F07D40090EC85;
			remoteInfo = "Siwft4 基础知识复习总结";
		};
/* End PBXContainerItemProxy section */

/* Begin PBXFileReference section */
		8D89D1B5208F179A00F1C98D /* SimpleValuesViewController.swift */ = {isa = PBXFileReference; fileEncoding = 4; lastKnownFileType = sourcecode.swift; path = SimpleValuesViewController.swift; sourceTree = "<group>"; };
		8D89D1D8208F18CE00F1C98D /* ControlFlowViewController.swift */ = {isa = PBXFileReference; lastKnownFileType = sourcecode.swift; path = ControlFlowViewController.swift; sourceTree = "<group>"; };
		8D89D1EF208F194000F1C98D /* TheBasicsViewController.swift */ = {isa = PBXFileReference; lastKnownFileType = sourcecode.swift; path = TheBasicsViewController.swift; sourceTree = "<group>"; };
		8D89D1F1208F196C00F1C98D /* AboutTheLanguageReferenceViewController.swift */ = {isa = PBXFileReference; lastKnownFileType = sourcecode.swift; path = AboutTheLanguageReferenceViewController.swift; sourceTree = "<group>"; };
		8D89D1F3208F19E500F1C98D /* AccessControlViewController.swift */ = {isa = PBXFileReference; lastKnownFileType = sourcecode.swift; path = AccessControlViewController.swift; sourceTree = "<group>"; };
		8DB2893F208F07D40090EC85 /* Siwft4 基础知识复习总结.app */ = {isa = PBXFileReference; explicitFileType = wrapper.application; includeInIndex = 0; path = "Siwft4 基础知识复习总结.app"; sourceTree = BUILT_PRODUCTS_DIR; };
		8DB28953208F07D40090EC85 /* Siwft4 基础知识复习总结Tests.xctest */ = {isa = PBXFileReference; explicitFileType = wrapper.cfbundle; includeInIndex = 0; path = "Siwft4 基础知识复习总结Tests.xctest"; sourceTree = BUILT_PRODUCTS_DIR; };
		8DB28957208F07D40090EC85 /* Siwft4_________Tests.swift */ = {isa = PBXFileReference; lastKnownFileType = sourcecode.swift; path = "Siwft4_________Tests.swift"; sourceTree = "<group>"; };
		8DB28959208F07D40090EC85 /* Info.plist */ = {isa = PBXFileReference; lastKnownFileType = text.plist.xml; path = Info.plist; sourceTree = "<group>"; };
		8DB2895E208F07D40090EC85 /* Siwft4 基础知识复习总结UITests.xctest */ = {isa = PBXFileReference; explicitFileType = wrapper.cfbundle; includeInIndex = 0; path = "Siwft4 基础知识复习总结UITests.xctest"; sourceTree = BUILT_PRODUCTS_DIR; };
		8DB28962208F07D40090EC85 /* Siwft4_________UITests.swift */ = {isa = PBXFileReference; lastKnownFileType = sourcecode.swift; path = "Siwft4_________UITests.swift"; sourceTree = "<group>"; };
		8DB28964208F07D40090EC85 /* Info.plist */ = {isa = PBXFileReference; lastKnownFileType = text.plist.xml; path = Info.plist; sourceTree = "<group>"; };
		8DB289A9208F100F0090EC85 /* AppDelegate.swift */ = {isa = PBXFileReference; fileEncoding = 4; lastKnownFileType = sourcecode.swift; path = AppDelegate.swift; sourceTree = "<group>"; };
		8DB289AA208F100F0090EC85 /* Assets.xcassets */ = {isa = PBXFileReference; lastKnownFileType = folder.assetcatalog; path = Assets.xcassets; sourceTree = "<group>"; };
		8DB289AC208F100F0090EC85 /* Base */ = {isa = PBXFileReference; lastKnownFileType = file.storyboard; name = Base; path = Base.lproj/LaunchScreen.storyboard; sourceTree = "<group>"; };
		8DB289AE208F100F0090EC85 /* Base */ = {isa = PBXFileReference; lastKnownFileType = file.storyboard; name = Base; path = Base.lproj/Main.storyboard; sourceTree = "<group>"; };
		8DB289AF208F100F0090EC85 /* Info.plist */ = {isa = PBXFileReference; fileEncoding = 4; lastKnownFileType = text.plist.xml; path = Info.plist; sourceTree = "<group>"; };
		8DB289B0208F100F0090EC85 /* ViewController.swift */ = {isa = PBXFileReference; fileEncoding = 4; lastKnownFileType = sourcecode.swift; path = ViewController.swift; sourceTree = "<group>"; };
/* End PBXFileReference section */

/* Begin PBXFrameworksBuildPhase section */
		8DB2893C208F07D40090EC85 /* Frameworks */ = {
			isa = PBXFrameworksBuildPhase;
			buildActionMask = 2147483647;
			files = (
			);
			runOnlyForDeploymentPostprocessing = 0;
		};
		8DB28950208F07D40090EC85 /* Frameworks */ = {
			isa = PBXFrameworksBuildPhase;
			buildActionMask = 2147483647;
			files = (
			);
			runOnlyForDeploymentPostprocessing = 0;
		};
		8DB2895B208F07D40090EC85 /* Frameworks */ = {
			isa = PBXFrameworksBuildPhase;
			buildActionMask = 2147483647;
			files = (
			);
			runOnlyForDeploymentPostprocessing = 0;
		};
/* End PBXFrameworksBuildPhase section */

/* Begin PBXGroup section */
		8D89D1B3208F179A00F1C98D /* 一、Swift初见 */ = {
			isa = PBXGroup;
			children = (
				8D89D1B4208F179A00F1C98D /* 1.简单值 */,
				8D89D1B6208F179A00F1C98D /* 2.控制流 */,
				8D89D1B7208F179A00F1C98D /* 3.函数和闭包 */,
				8D89D1B8208F179A00F1C98D /* 4.对象和类 */,
				8D89D1B9208F179A00F1C98D /* 5.枚举和结构体 */,
				8D89D1BA208F179A00F1C98D /* 6.协议和扩展 */,
				8D89D1BB208F179A00F1C98D /* 7.错误处理 */,
				8D89D1BC208F179A00F1C98D /* 8.泛型 */,
			);
			path = "一、Swift初见";
			sourceTree = "<group>";
		};
		8D89D1B4208F179A00F1C98D /* 1.简单值 */ = {
			isa = PBXGroup;
			children = (
				8D89D1B5208F179A00F1C98D /* SimpleValuesViewController.swift */,
			);
			path = "1.简单值";
			sourceTree = "<group>";
		};
		8D89D1B6208F179A00F1C98D /* 2.控制流 */ = {
			isa = PBXGroup;
			children = (
				8D89D1D8208F18CE00F1C98D /* ControlFlowViewController.swift */,
			);
			path = "2.控制流";
			sourceTree = "<group>";
		};
		8D89D1B7208F179A00F1C98D /* 3.函数和闭包 */ = {
			isa = PBXGroup;
			children = (
			);
			path = "3.函数和闭包";
			sourceTree = "<group>";
		};
		8D89D1B8208F179A00F1C98D /* 4.对象和类 */ = {
			isa = PBXGroup;
			children = (
			);
			path = "4.对象和类";
			sourceTree = "<group>";
		};
		8D89D1B9208F179A00F1C98D /* 5.枚举和结构体 */ = {
			isa = PBXGroup;
			children = (
			);
			path = "5.枚举和结构体";
			sourceTree = "<group>";
		};
		8D89D1BA208F179A00F1C98D /* 6.协议和扩展 */ = {
			isa = PBXGroup;
			children = (
			);
			path = "6.协议和扩展";
			sourceTree = "<group>";
		};
		8D89D1BB208F179A00F1C98D /* 7.错误处理 */ = {
			isa = PBXGroup;
			children = (
			);
			path = "7.错误处理";
			sourceTree = "<group>";
		};
		8D89D1BC208F179A00F1C98D /* 8.泛型 */ = {
			isa = PBXGroup;
			children = (
			);
			path = "8.泛型";
			sourceTree = "<group>";
		};
		8D89D1BE208F17E900F1C98D /* 二、Swift教程 */ = {
			isa = PBXGroup;
			children = (
				8D89D1BF208F17EA00F1C98D /* 1.基础部分 */,
				8D89D1CA208F17EA00F1C98D /* 2.基本运算符 */,
				8D89D1D1208F17EA00F1C98D /* 3.字符串和字符 */,
				8D89D1D2208F17EA00F1C98D /* 4.集合类型 */,
				8D89D1D3208F17EA00F1C98D /* 5.控制流 */,
				8D89D1D4208F17EA00F1C98D /* 6.函数 */,
				8D89D1D5208F17EA00F1C98D /* 7.闭包 */,
				8D89D1D6208F17EA00F1C98D /* 8.枚举 */,
				8D89D1D7208F17EA00F1C98D /* 9.类和结构体 */,
				8D89D1C0208F17EA00F1C98D /* 10.属性 */,
				8D89D1C1208F17EA00F1C98D /* 11.方法 */,
				8D89D1C2208F17EA00F1C98D /* 12.下标 */,
				8D89D1C3208F17EA00F1C98D /* 13.继承 */,
				8D89D1C4208F17EA00F1C98D /* 14.构造过程 */,
				8D89D1C5208F17EA00F1C98D /* 15.析构过程 */,
				8D89D1C6208F17EA00F1C98D /* 16.自动引用计数 */,
				8D89D1C7208F17EA00F1C98D /* 17.可选链式调用 */,
				8D89D1C8208F17EA00F1C98D /* 18.错误处理 */,
				8D89D1C9208F17EA00F1C98D /* 19.类型转换 */,
				8D89D1CB208F17EA00F1C98D /* 20.嵌套类型 */,
				8D89D1CC208F17EA00F1C98D /* 21.扩展 */,
				8D89D1CD208F17EA00F1C98D /* 22.协议 */,
				8D89D1CE208F17EA00F1C98D /* 23.泛型 */,
				8D89D1CF208F17EA00F1C98D /* 24.访问控制 */,
				8D89D1D0208F17EA00F1C98D /* 25.高级运算符 */,
			);
			path = "二、Swift教程";
			sourceTree = "<group>";
		};
		8D89D1BF208F17EA00F1C98D /* 1.基础部分 */ = {
			isa = PBXGroup;
			children = (
				8D89D1EF208F194000F1C98D /* TheBasicsViewController.swift */,
			);
			path = "1.基础部分";
			sourceTree = "<group>";
		};
		8D89D1C0208F17EA00F1C98D /* 10.属性 */ = {
			isa = PBXGroup;
			children = (
			);
			path = "10.属性";
			sourceTree = "<group>";
		};
		8D89D1C1208F17EA00F1C98D /* 11.方法 */ = {
			isa = PBXGroup;
			children = (
			);
			path = "11.方法";
			sourceTree = "<group>";
		};
		8D89D1C2208F17EA00F1C98D /* 12.下标 */ = {
			isa = PBXGroup;
			children = (
			);
			path = "12.下标";
			sourceTree = "<group>";
		};
		8D89D1C3208F17EA00F1C98D /* 13.继承 */ = {
			isa = PBXGroup;
			children = (
			);
			path = "13.继承";
			sourceTree = "<group>";
		};
		8D89D1C4208F17EA00F1C98D /* 14.构造过程 */ = {
			isa = PBXGroup;
			children = (
			);
			path = "14.构造过程";
			sourceTree = "<group>";
		};
		8D89D1C5208F17EA00F1C98D /* 15.析构过程 */ = {
			isa = PBXGroup;
			children = (
			);
			path = "15.析构过程";
			sourceTree = "<group>";
		};
		8D89D1C6208F17EA00F1C98D /* 16.自动引用计数 */ = {
			isa = PBXGroup;
			children = (
			);
			path = "16.自动引用计数";
			sourceTree = "<group>";
		};
		8D89D1C7208F17EA00F1C98D /* 17.可选链式调用 */ = {
			isa = PBXGroup;
			children = (
			);
			path = "17.可选链式调用";
			sourceTree = "<group>";
		};
		8D89D1C8208F17EA00F1C98D /* 18.错误处理 */ = {
			isa = PBXGroup;
			children = (
			);
			path = "18.错误处理";
			sourceTree = "<group>";
		};
		8D89D1C9208F17EA00F1C98D /* 19.类型转换 */ = {
			isa = PBXGroup;
			children = (
			);
			path = "19.类型转换";
			sourceTree = "<group>";
		};
		8D89D1CA208F17EA00F1C98D /* 2.基本运算符 */ = {
			isa = PBXGroup;
			children = (
			);
			path = "2.基本运算符";
			sourceTree = "<group>";
		};
		8D89D1CB208F17EA00F1C98D /* 20.嵌套类型 */ = {
			isa = PBXGroup;
			children = (
			);
			path = "20.嵌套类型";
			sourceTree = "<group>";
		};
		8D89D1CC208F17EA00F1C98D /* 21.扩展 */ = {
			isa = PBXGroup;
			children = (
			);
			path = "21.扩展";
			sourceTree = "<group>";
		};
		8D89D1CD208F17EA00F1C98D /* 22.协议 */ = {
			isa = PBXGroup;
			children = (
			);
			path = "22.协议";
			sourceTree = "<group>";
		};
		8D89D1CE208F17EA00F1C98D /* 23.泛型 */ = {
			isa = PBXGroup;
			children = (
			);
			path = "23.泛型";
			sourceTree = "<group>";
		};
		8D89D1CF208F17EA00F1C98D /* 24.访问控制 */ = {
			isa = PBXGroup;
			children = (
			);
			path = "24.访问控制";
			sourceTree = "<group>";
		};
		8D89D1D0208F17EA00F1C98D /* 25.高级运算符 */ = {
			isa = PBXGroup;
			children = (
			);
			path = "25.高级运算符";
			sourceTree = "<group>";
		};
		8D89D1D1208F17EA00F1C98D /* 3.字符串和字符 */ = {
			isa = PBXGroup;
			children = (
			);
			path = "3.字符串和字符";
			sourceTree = "<group>";
		};
		8D89D1D2208F17EA00F1C98D /* 4.集合类型 */ = {
			isa = PBXGroup;
			children = (
			);
			path = "4.集合类型";
			sourceTree = "<group>";
		};
		8D89D1D3208F17EA00F1C98D /* 5.控制流 */ = {
			isa = PBXGroup;
			children = (
			);
			path = "5.控制流";
			sourceTree = "<group>";
		};
		8D89D1D4208F17EA00F1C98D /* 6.函数 */ = {
			isa = PBXGroup;
			children = (
			);
			path = "6.函数";
			sourceTree = "<group>";
		};
		8D89D1D5208F17EA00F1C98D /* 7.闭包 */ = {
			isa = PBXGroup;
			children = (
			);
			path = "7.闭包";
			sourceTree = "<group>";
		};
		8D89D1D6208F17EA00F1C98D /* 8.枚举 */ = {
			isa = PBXGroup;
			children = (
			);
			path = "8.枚举";
			sourceTree = "<group>";
		};
		8D89D1D7208F17EA00F1C98D /* 9.类和结构体 */ = {
			isa = PBXGroup;
			children = (
			);
			path = "9.类和结构体";
			sourceTree = "<group>";
		};
		8D89D1DA208F18ED00F1C98D /* 三、语言参考 */ = {
			isa = PBXGroup;
			children = (
				8D89D1DB208F18ED00F1C98D /* 1.关于语言参考 */,
				8D89D1DD208F18ED00F1C98D /* 2.语法结构 */,
				8D89D1DE208F18ED00F1C98D /* 3.类型 */,
				8D89D1DF208F18ED00F1C98D /* 4.表达式 */,
				8D89D1E0208F18ED00F1C98D /* 5.语句 */,
				8D89D1E1208F18ED00F1C98D /* 6.声明 */,
				8D89D1E2208F18ED00F1C98D /* 7.特性 */,
				8D89D1E3208F18ED00F1C98D /* 8.模式 */,
				8D89D1E4208F18ED00F1C98D /* 9.泛型参数 */,
				8D89D1DC208F18ED00F1C98D /* 10.语法总结 */,
			);
			path = "三、语言参考";
			sourceTree = "<group>";
		};
		8D89D1DB208F18ED00F1C98D /* 1.关于语言参考 */ = {
			isa = PBXGroup;
			children = (
				8D89D1F1208F196C00F1C98D /* AboutTheLanguageReferenceViewController.swift */,
			);
			path = "1.关于语言参考";
			sourceTree = "<group>";
		};
		8D89D1DC208F18ED00F1C98D /* 10.语法总结 */ = {
			isa = PBXGroup;
			children = (
			);
			path = "10.语法总结";
			sourceTree = "<group>";
		};
		8D89D1DD208F18ED00F1C98D /* 2.语法结构 */ = {
			isa = PBXGroup;
			children = (
			);
			path = "2.语法结构";
			sourceTree = "<group>";
		};
		8D89D1DE208F18ED00F1C98D /* 3.类型 */ = {
			isa = PBXGroup;
			children = (
			);
			path = "3.类型";
			sourceTree = "<group>";
		};
		8D89D1DF208F18ED00F1C98D /* 4.表达式 */ = {
			isa = PBXGroup;
			children = (
			);
			path = "4.表达式";
			sourceTree = "<group>";
		};
		8D89D1E0208F18ED00F1C98D /* 5.语句 */ = {
			isa = PBXGroup;
			children = (
			);
			path = "5.语句";
			sourceTree = "<group>";
		};
		8D89D1E1208F18ED00F1C98D /* 6.声明 */ = {
			isa = PBXGroup;
			children = (
			);
			path = "6.声明";
			sourceTree = "<group>";
		};
		8D89D1E2208F18ED00F1C98D /* 7.特性 */ = {
			isa = PBXGroup;
			children = (
			);
			path = "7.特性";
			sourceTree = "<group>";
		};
		8D89D1E3208F18ED00F1C98D /* 8.模式 */ = {
			isa = PBXGroup;
			children = (
			);
			path = "8.模式";
			sourceTree = "<group>";
		};
		8D89D1E4208F18ED00F1C98D /* 9.泛型参数 */ = {
			isa = PBXGroup;
			children = (
			);
			path = "9.泛型参数";
			sourceTree = "<group>";
		};
		8D89D1E5208F18EE00F1C98D /* 四、官方Blog翻译 */ = {
			isa = PBXGroup;
			children = (
				8D89D1E6208F18EE00F1C98D /* 1.Access Control 权限控制的黑与白 */,
				8D89D1E7208F18EE00F1C98D /* 2.造个类型不是梦-白话Swift类型创建 */,
				8D89D1E8208F18EE00F1C98D /* 3.WWDC里面的那个"大炮打气球" */,
				8D89D1E9208F18EE00F1C98D /* 4.Swift与C语言指针友好合作 */,
				8D89D1EA208F18EE00F1C98D /* 5.用作字符串参数的指针 */,
				8D89D1EB208F18EE00F1C98D /* 6.指针参数转换的安全性 */,
				8D89D1EC208F18EE00F1C98D /* 7.Swift里的值类型与引用类型 */,
				8D89D1ED208F18EE00F1C98D /* 8.访问控制和protected */,
				8D89D1EE208F18EE00F1C98D /* 9.可选类型完美解决占位问题 */,
			);
			path = "四、官方Blog翻译";
			sourceTree = "<group>";
		};
		8D89D1E6208F18EE00F1C98D /* 1.Access Control 权限控制的黑与白 */ = {
			isa = PBXGroup;
			children = (
				8D89D1F3208F19E500F1C98D /* AccessControlViewController.swift */,
			);
			path = "1.Access Control 权限控制的黑与白";
			sourceTree = "<group>";
		};
		8D89D1E7208F18EE00F1C98D /* 2.造个类型不是梦-白话Swift类型创建 */ = {
			isa = PBXGroup;
			children = (
			);
			path = "2.造个类型不是梦-白话Swift类型创建";
			sourceTree = "<group>";
		};
		8D89D1E8208F18EE00F1C98D /* 3.WWDC里面的那个"大炮打气球" */ = {
			isa = PBXGroup;
			children = (
			);
			path = "3.WWDC里面的那个\"大炮打气球\"";
			sourceTree = "<group>";
		};
		8D89D1E9208F18EE00F1C98D /* 4.Swift与C语言指针友好合作 */ = {
			isa = PBXGroup;
			children = (
			);
			path = "4.Swift与C语言指针友好合作";
			sourceTree = "<group>";
		};
		8D89D1EA208F18EE00F1C98D /* 5.用作字符串参数的指针 */ = {
			isa = PBXGroup;
			children = (
			);
			path = "5.用作字符串参数的指针";
			sourceTree = "<group>";
		};
		8D89D1EB208F18EE00F1C98D /* 6.指针参数转换的安全性 */ = {
			isa = PBXGroup;
			children = (
			);
			path = "6.指针参数转换的安全性";
			sourceTree = "<group>";
		};
		8D89D1EC208F18EE00F1C98D /* 7.Swift里的值类型与引用类型 */ = {
			isa = PBXGroup;
			children = (
			);
			path = "7.Swift里的值类型与引用类型";
			sourceTree = "<group>";
		};
		8D89D1ED208F18EE00F1C98D /* 8.访问控制和protected */ = {
			isa = PBXGroup;
			children = (
			);
			path = "8.访问控制和protected";
			sourceTree = "<group>";
		};
		8D89D1EE208F18EE00F1C98D /* 9.可选类型完美解决占位问题 */ = {
			isa = PBXGroup;
			children = (
			);
			path = "9.可选类型完美解决占位问题";
			sourceTree = "<group>";
		};
		8DB28936208F07D40090EC85 = {
			isa = PBXGroup;
			children = (
				8DB28941208F07D40090EC85 /* Siwft4 基础知识复习总结 */,
				8DB28956208F07D40090EC85 /* Siwft4 基础知识复习总结Tests */,
				8DB28961208F07D40090EC85 /* Siwft4 基础知识复习总结UITests */,
				8DB28940208F07D40090EC85 /* Products */,
			);
			sourceTree = "<group>";
		};
		8DB28940208F07D40090EC85 /* Products */ = {
			isa = PBXGroup;
			children = (
				8DB2893F208F07D40090EC85 /* Siwft4 基础知识复习总结.app */,
				8DB28953208F07D40090EC85 /* Siwft4 基础知识复习总结Tests.xctest */,
				8DB2895E208F07D40090EC85 /* Siwft4 基础知识复习总结UITests.xctest */,
			);
			name = Products;
			sourceTree = "<group>";
		};
		8DB28941208F07D40090EC85 /* Siwft4 基础知识复习总结 */ = {
			isa = PBXGroup;
			children = (
				8D89D1B3208F179A00F1C98D /* 一、Swift初见 */,
				8D89D1BE208F17E900F1C98D /* 二、Swift教程 */,
				8D89D1DA208F18ED00F1C98D /* 三、语言参考 */,
				8D89D1E5208F18EE00F1C98D /* 四、官方Blog翻译 */,
				8DB289A8208F100F0090EC85 /* Swift */,
			);
			path = "Siwft4 基础知识复习总结";
			sourceTree = "<group>";
		};
		8DB28956208F07D40090EC85 /* Siwft4 基础知识复习总结Tests */ = {
			isa = PBXGroup;
			children = (
				8DB28957208F07D40090EC85 /* Siwft4_________Tests.swift */,
				8DB28959208F07D40090EC85 /* Info.plist */,
			);
			path = "Siwft4 基础知识复习总结Tests";
			sourceTree = "<group>";
		};
		8DB28961208F07D40090EC85 /* Siwft4 基础知识复习总结UITests */ = {
			isa = PBXGroup;
			children = (
				8DB28962208F07D40090EC85 /* Siwft4_________UITests.swift */,
				8DB28964208F07D40090EC85 /* Info.plist */,
			);
			path = "Siwft4 基础知识复习总结UITests";
			sourceTree = "<group>";
		};
		8DB289A8208F100F0090EC85 /* Swift */ = {
			isa = PBXGroup;
			children = (
				8DB289A9208F100F0090EC85 /* AppDelegate.swift */,
				8DB289B0208F100F0090EC85 /* ViewController.swift */,
				8DB289AA208F100F0090EC85 /* Assets.xcassets */,
				8DB289AB208F100F0090EC85 /* LaunchScreen.storyboard */,
				8DB289AD208F100F0090EC85 /* Main.storyboard */,
				8DB289AF208F100F0090EC85 /* Info.plist */,
			);
			path = Swift;
			sourceTree = "<group>";
		};
/* End PBXGroup section */

/* Begin PBXNativeTarget section */
		8DB2893E208F07D40090EC85 /* Siwft4 基础知识复习总结 */ = {
			isa = PBXNativeTarget;
			buildConfigurationList = 8DB28967208F07D40090EC85 /* Build configuration list for PBXNativeTarget "Siwft4 基础知识复习总结" */;
			buildPhases = (
				8DB2893B208F07D40090EC85 /* Sources */,
				8DB2893C208F07D40090EC85 /* Frameworks */,
				8DB2893D208F07D40090EC85 /* Resources */,
			);
			buildRules = (
			);
			dependencies = (
			);
			name = "Siwft4 基础知识复习总结";
			productName = "Siwft4 基础知识复习总结";
			productReference = 8DB2893F208F07D40090EC85 /* Siwft4 基础知识复习总结.app */;
			productType = "com.apple.product-type.application";
		};
		8DB28952208F07D40090EC85 /* Siwft4 基础知识复习总结Tests */ = {
			isa = PBXNativeTarget;
			buildConfigurationList = 8DB2896A208F07D40090EC85 /* Build configuration list for PBXNativeTarget "Siwft4 基础知识复习总结Tests" */;
			buildPhases = (
				8DB2894F208F07D40090EC85 /* Sources */,
				8DB28950208F07D40090EC85 /* Frameworks */,
				8DB28951208F07D40090EC85 /* Resources */,
			);
			buildRules = (
			);
			dependencies = (
				8DB28955208F07D40090EC85 /* PBXTargetDependency */,
			);
			name = "Siwft4 基础知识复习总结Tests";
			productName = "Siwft4 基础知识复习总结Tests";
			productReference = 8DB28953208F07D40090EC85 /* Siwft4 基础知识复习总结Tests.xctest */;
			productType = "com.apple.product-type.bundle.unit-test";
		};
		8DB2895D208F07D40090EC85 /* Siwft4 基础知识复习总结UITests */ = {
			isa = PBXNativeTarget;
			buildConfigurationList = 8DB2896D208F07D40090EC85 /* Build configuration list for PBXNativeTarget "Siwft4 基础知识复习总结UITests" */;
			buildPhases = (
				8DB2895A208F07D40090EC85 /* Sources */,
				8DB2895B208F07D40090EC85 /* Frameworks */,
				8DB2895C208F07D40090EC85 /* Resources */,
			);
			buildRules = (
			);
			dependencies = (
				8DB28960208F07D40090EC85 /* PBXTargetDependency */,
			);
			name = "Siwft4 基础知识复习总结UITests";
			productName = "Siwft4 基础知识复习总结UITests";
			productReference = 8DB2895E208F07D40090EC85 /* Siwft4 基础知识复习总结UITests.xctest */;
			productType = "com.apple.product-type.bundle.ui-testing";
		};
/* End PBXNativeTarget section */

/* Begin PBXProject section */
		8DB28937208F07D40090EC85 /* Project object */ = {
			isa = PBXProject;
			attributes = {
				LastSwiftUpdateCheck = 0920;
				LastUpgradeCheck = 0920;
				ORGANIZATIONNAME = "JDK-002";
				TargetAttributes = {
					8DB2893E208F07D40090EC85 = {
						CreatedOnToolsVersion = 9.2;
						ProvisioningStyle = Automatic;
					};
					8DB28952208F07D40090EC85 = {
						CreatedOnToolsVersion = 9.2;
						ProvisioningStyle = Automatic;
						TestTargetID = 8DB2893E208F07D40090EC85;
					};
					8DB2895D208F07D40090EC85 = {
						CreatedOnToolsVersion = 9.2;
						ProvisioningStyle = Automatic;
						TestTargetID = 8DB2893E208F07D40090EC85;
					};
				};
			};
			buildConfigurationList = 8DB2893A208F07D40090EC85 /* Build configuration list for PBXProject "Siwft4 基础知识复习总结" */;
			compatibilityVersion = "Xcode 8.0";
			developmentRegion = en;
			hasScannedForEncodings = 0;
			knownRegions = (
				en,
				Base,
			);
			mainGroup = 8DB28936208F07D40090EC85;
			productRefGroup = 8DB28940208F07D40090EC85 /* Products */;
			projectDirPath = "";
			projectRoot = "";
			targets = (
				8DB2893E208F07D40090EC85 /* Siwft4 基础知识复习总结 */,
				8DB28952208F07D40090EC85 /* Siwft4 基础知识复习总结Tests */,
				8DB2895D208F07D40090EC85 /* Siwft4 基础知识复习总结UITests */,
			);
		};
/* End PBXProject section */

/* Begin PBXResourcesBuildPhase section */
		8DB2893D208F07D40090EC85 /* Resources */ = {
			isa = PBXResourcesBuildPhase;
			buildActionMask = 2147483647;
			files = (
				8DB289B5208F100F0090EC85 /* Info.plist in Resources */,
				8DB289B4208F100F0090EC85 /* Main.storyboard in Resources */,
				8DB289B2208F100F0090EC85 /* Assets.xcassets in Resources */,
				8DB289B3208F100F0090EC85 /* LaunchScreen.storyboard in Resources */,
			);
			runOnlyForDeploymentPostprocessing = 0;
		};
		8DB28951208F07D40090EC85 /* Resources */ = {
			isa = PBXResourcesBuildPhase;
			buildActionMask = 2147483647;
			files = (
			);
			runOnlyForDeploymentPostprocessing = 0;
		};
		8DB2895C208F07D40090EC85 /* Resources */ = {
			isa = PBXResourcesBuildPhase;
			buildActionMask = 2147483647;
			files = (
			);
			runOnlyForDeploymentPostprocessing = 0;
		};
/* End PBXResourcesBuildPhase section */

/* Begin PBXSourcesBuildPhase section */
		8DB2893B208F07D40090EC85 /* Sources */ = {
			isa = PBXSourcesBuildPhase;
			buildActionMask = 2147483647;
			files = (
				8DB289B6208F100F0090EC85 /* ViewController.swift in Sources */,
				8D89D1F4208F19E500F1C98D /* AccessControlViewController.swift in Sources */,
				8D89D1F0208F194000F1C98D /* TheBasicsViewController.swift in Sources */,
				8D89D1F2208F196C00F1C98D /* AboutTheLanguageReferenceViewController.swift in Sources */,
				8DB289B1208F100F0090EC85 /* AppDelegate.swift in Sources */,
				8D89D1D9208F18CE00F1C98D /* ControlFlowViewController.swift in Sources */,
				8D89D1BD208F179A00F1C98D /* SimpleValuesViewController.swift in Sources */,
			);
			runOnlyForDeploymentPostprocessing = 0;
		};
		8DB2894F208F07D40090EC85 /* Sources */ = {
			isa = PBXSourcesBuildPhase;
			buildActionMask = 2147483647;
			files = (
				8DB28958208F07D40090EC85 /* Siwft4_________Tests.swift in Sources */,
			);
			runOnlyForDeploymentPostprocessing = 0;
		};
		8DB2895A208F07D40090EC85 /* Sources */ = {
			isa = PBXSourcesBuildPhase;
			buildActionMask = 2147483647;
			files = (
				8DB28963208F07D40090EC85 /* Siwft4_________UITests.swift in Sources */,
			);
			runOnlyForDeploymentPostprocessing = 0;
		};
/* End PBXSourcesBuildPhase section */

/* Begin PBXTargetDependency section */
		8DB28955208F07D40090EC85 /* PBXTargetDependency */ = {
			isa = PBXTargetDependency;
			target = 8DB2893E208F07D40090EC85 /* Siwft4 基础知识复习总结 */;
			targetProxy = 8DB28954208F07D40090EC85 /* PBXContainerItemProxy */;
		};
		8DB28960208F07D40090EC85 /* PBXTargetDependency */ = {
			isa = PBXTargetDependency;
			target = 8DB2893E208F07D40090EC85 /* Siwft4 基础知识复习总结 */;
			targetProxy = 8DB2895F208F07D40090EC85 /* PBXContainerItemProxy */;
		};
/* End PBXTargetDependency section */

/* Begin PBXVariantGroup section */
		8DB289AB208F100F0090EC85 /* LaunchScreen.storyboard */ = {
			isa = PBXVariantGroup;
			children = (
				8DB289AC208F100F0090EC85 /* Base */,
			);
			name = LaunchScreen.storyboard;
			sourceTree = "<group>";
		};
		8DB289AD208F100F0090EC85 /* Main.storyboard */ = {
			isa = PBXVariantGroup;
			children = (
				8DB289AE208F100F0090EC85 /* Base */,
			);
			name = Main.storyboard;
			sourceTree = "<group>";
		};
/* End PBXVariantGroup section */

/* Begin XCBuildConfiguration section */
		8DB28965208F07D40090EC85 /* Debug */ = {
			isa = XCBuildConfiguration;
			buildSettings = {
				ALWAYS_SEARCH_USER_PATHS = NO;
				CLANG_ANALYZER_NONNULL = YES;
				CLANG_ANALYZER_NUMBER_OBJECT_CONVERSION = YES_AGGRESSIVE;
				CLANG_CXX_LANGUAGE_STANDARD = "gnu++14";
				CLANG_CXX_LIBRARY = "libc++";
				CLANG_ENABLE_MODULES = YES;
				CLANG_ENABLE_OBJC_ARC = YES;
				CLANG_WARN_BLOCK_CAPTURE_AUTORELEASING = YES;
				CLANG_WARN_BOOL_CONVERSION = YES;
				CLANG_WARN_COMMA = YES;
				CLANG_WARN_CONSTANT_CONVERSION = YES;
				CLANG_WARN_DIRECT_OBJC_ISA_USAGE = YES_ERROR;
				CLANG_WARN_DOCUMENTATION_COMMENTS = YES;
				CLANG_WARN_EMPTY_BODY = YES;
				CLANG_WARN_ENUM_CONVERSION = YES;
				CLANG_WARN_INFINITE_RECURSION = YES;
				CLANG_WARN_INT_CONVERSION = YES;
				CLANG_WARN_NON_LITERAL_NULL_CONVERSION = YES;
				CLANG_WARN_OBJC_LITERAL_CONVERSION = YES;
				CLANG_WARN_OBJC_ROOT_CLASS = YES_ERROR;
				CLANG_WARN_RANGE_LOOP_ANALYSIS = YES;
				CLANG_WARN_STRICT_PROTOTYPES = YES;
				CLANG_WARN_SUSPICIOUS_MOVE = YES;
				CLANG_WARN_UNGUARDED_AVAILABILITY = YES_AGGRESSIVE;
				CLANG_WARN_UNREACHABLE_CODE = YES;
				CLANG_WARN__DUPLICATE_METHOD_MATCH = YES;
				CODE_SIGN_IDENTITY = "iPhone Developer";
				COPY_PHASE_STRIP = NO;
				DEBUG_INFORMATION_FORMAT = dwarf;
				ENABLE_STRICT_OBJC_MSGSEND = YES;
				ENABLE_TESTABILITY = YES;
				GCC_C_LANGUAGE_STANDARD = gnu11;
				GCC_DYNAMIC_NO_PIC = NO;
				GCC_NO_COMMON_BLOCKS = YES;
				GCC_OPTIMIZATION_LEVEL = 0;
				GCC_PREPROCESSOR_DEFINITIONS = (
					"DEBUG=1",
					"$(inherited)",
				);
				GCC_WARN_64_TO_32_BIT_CONVERSION = YES;
				GCC_WARN_ABOUT_RETURN_TYPE = YES_ERROR;
				GCC_WARN_UNDECLARED_SELECTOR = YES;
				GCC_WARN_UNINITIALIZED_AUTOS = YES_AGGRESSIVE;
				GCC_WARN_UNUSED_FUNCTION = YES;
				GCC_WARN_UNUSED_VARIABLE = YES;
				IPHONEOS_DEPLOYMENT_TARGET = 11.2;
				MTL_ENABLE_DEBUG_INFO = YES;
				ONLY_ACTIVE_ARCH = YES;
				SDKROOT = iphoneos;
				SWIFT_ACTIVE_COMPILATION_CONDITIONS = DEBUG;
				SWIFT_OPTIMIZATION_LEVEL = "-Onone";
			};
			name = Debug;
		};
		8DB28966208F07D40090EC85 /* Release */ = {
			isa = XCBuildConfiguration;
			buildSettings = {
				ALWAYS_SEARCH_USER_PATHS = NO;
				CLANG_ANALYZER_NONNULL = YES;
				CLANG_ANALYZER_NUMBER_OBJECT_CONVERSION = YES_AGGRESSIVE;
				CLANG_CXX_LANGUAGE_STANDARD = "gnu++14";
				CLANG_CXX_LIBRARY = "libc++";
				CLANG_ENABLE_MODULES = YES;
				CLANG_ENABLE_OBJC_ARC = YES;
				CLANG_WARN_BLOCK_CAPTURE_AUTORELEASING = YES;
				CLANG_WARN_BOOL_CONVERSION = YES;
				CLANG_WARN_COMMA = YES;
				CLANG_WARN_CONSTANT_CONVERSION = YES;
				CLANG_WARN_DIRECT_OBJC_ISA_USAGE = YES_ERROR;
				CLANG_WARN_DOCUMENTATION_COMMENTS = YES;
				CLANG_WARN_EMPTY_BODY = YES;
				CLANG_WARN_ENUM_CONVERSION = YES;
				CLANG_WARN_INFINITE_RECURSION = YES;
				CLANG_WARN_INT_CONVERSION = YES;
				CLANG_WARN_NON_LITERAL_NULL_CONVERSION = YES;
				CLANG_WARN_OBJC_LITERAL_CONVERSION = YES;
				CLANG_WARN_OBJC_ROOT_CLASS = YES_ERROR;
				CLANG_WARN_RANGE_LOOP_ANALYSIS = YES;
				CLANG_WARN_STRICT_PROTOTYPES = YES;
				CLANG_WARN_SUSPICIOUS_MOVE = YES;
				CLANG_WARN_UNGUARDED_AVAILABILITY = YES_AGGRESSIVE;
				CLANG_WARN_UNREACHABLE_CODE = YES;
				CLANG_WARN__DUPLICATE_METHOD_MATCH = YES;
				CODE_SIGN_IDENTITY = "iPhone Developer";
				COPY_PHASE_STRIP = NO;
				DEBUG_INFORMATION_FORMAT = "dwarf-with-dsym";
				ENABLE_NS_ASSERTIONS = NO;
				ENABLE_STRICT_OBJC_MSGSEND = YES;
				GCC_C_LANGUAGE_STANDARD = gnu11;
				GCC_NO_COMMON_BLOCKS = YES;
				GCC_WARN_64_TO_32_BIT_CONVERSION = YES;
				GCC_WARN_ABOUT_RETURN_TYPE = YES_ERROR;
				GCC_WARN_UNDECLARED_SELECTOR = YES;
				GCC_WARN_UNINITIALIZED_AUTOS = YES_AGGRESSIVE;
				GCC_WARN_UNUSED_FUNCTION = YES;
				GCC_WARN_UNUSED_VARIABLE = YES;
				IPHONEOS_DEPLOYMENT_TARGET = 11.2;
				MTL_ENABLE_DEBUG_INFO = NO;
				SDKROOT = iphoneos;
				SWIFT_OPTIMIZATION_LEVEL = "-Owholemodule";
				VALIDATE_PRODUCT = YES;
			};
			name = Release;
		};
		8DB28968208F07D40090EC85 /* Debug */ = {
			isa = XCBuildConfiguration;
			buildSettings = {
				ASSETCATALOG_COMPILER_APPICON_NAME = AppIcon;
				CODE_SIGN_STYLE = Automatic;
				DEVELOPMENT_TEAM = 5A8426Z9FS;
				INFOPLIST_FILE = "Siwft4 基础知识复习总结/Swift/Info.plist";
				LD_RUNPATH_SEARCH_PATHS = "$(inherited) @executable_path/Frameworks";
				PRODUCT_BUNDLE_IDENTIFIER = "com.dayo.swift.Siwft4---------";
				PRODUCT_NAME = "$(TARGET_NAME)";
				SWIFT_VERSION = 4.0;
				TARGETED_DEVICE_FAMILY = "1,2";
			};
			name = Debug;
		};
		8DB28969208F07D40090EC85 /* Release */ = {
			isa = XCBuildConfiguration;
			buildSettings = {
				ASSETCATALOG_COMPILER_APPICON_NAME = AppIcon;
				CODE_SIGN_STYLE = Automatic;
				DEVELOPMENT_TEAM = 5A8426Z9FS;
				INFOPLIST_FILE = "Siwft4 基础知识复习总结/Swift/Info.plist";
				LD_RUNPATH_SEARCH_PATHS = "$(inherited) @executable_path/Frameworks";
				PRODUCT_BUNDLE_IDENTIFIER = "com.dayo.swift.Siwft4---------";
				PRODUCT_NAME = "$(TARGET_NAME)";
				SWIFT_VERSION = 4.0;
				TARGETED_DEVICE_FAMILY = "1,2";
			};
			name = Release;
		};
		8DB2896B208F07D40090EC85 /* Debug */ = {
			isa = XCBuildConfiguration;
			buildSettings = {
				ALWAYS_EMBED_SWIFT_STANDARD_LIBRARIES = YES;
				BUNDLE_LOADER = "$(TEST_HOST)";
				CODE_SIGN_STYLE = Automatic;
				DEVELOPMENT_TEAM = 5A8426Z9FS;
				INFOPLIST_FILE = "Siwft4 基础知识复习总结Tests/Info.plist";
				LD_RUNPATH_SEARCH_PATHS = "$(inherited) @executable_path/Frameworks @loader_path/Frameworks";
				PRODUCT_BUNDLE_IDENTIFIER = "com.dayo.swift.Siwft4---------Tests";
				PRODUCT_NAME = "$(TARGET_NAME)";
				SWIFT_VERSION = 4.0;
				TARGETED_DEVICE_FAMILY = "1,2";
				TEST_HOST = "$(BUILT_PRODUCTS_DIR)/Siwft4 基础知识复习总结.app/Siwft4 基础知识复习总结";
			};
			name = Debug;
		};
		8DB2896C208F07D40090EC85 /* Release */ = {
			isa = XCBuildConfiguration;
			buildSettings = {
				ALWAYS_EMBED_SWIFT_STANDARD_LIBRARIES = YES;
				BUNDLE_LOADER = "$(TEST_HOST)";
				CODE_SIGN_STYLE = Automatic;
				DEVELOPMENT_TEAM = 5A8426Z9FS;
				INFOPLIST_FILE = "Siwft4 基础知识复习总结Tests/Info.plist";
				LD_RUNPATH_SEARCH_PATHS = "$(inherited) @executable_path/Frameworks @loader_path/Frameworks";
				PRODUCT_BUNDLE_IDENTIFIER = "com.dayo.swift.Siwft4---------Tests";
				PRODUCT_NAME = "$(TARGET_NAME)";
				SWIFT_VERSION = 4.0;
				TARGETED_DEVICE_FAMILY = "1,2";
				TEST_HOST = "$(BUILT_PRODUCTS_DIR)/Siwft4 基础知识复习总结.app/Siwft4 基础知识复习总结";
			};
			name = Release;
		};
		8DB2896E208F07D40090EC85 /* Debug */ = {
			isa = XCBuildConfiguration;
			buildSettings = {
				ALWAYS_EMBED_SWIFT_STANDARD_LIBRARIES = YES;
				CODE_SIGN_STYLE = Automatic;
				DEVELOPMENT_TEAM = 5A8426Z9FS;
				INFOPLIST_FILE = "Siwft4 基础知识复习总结UITests/Info.plist";
				LD_RUNPATH_SEARCH_PATHS = "$(inherited) @executable_path/Frameworks @loader_path/Frameworks";
				PRODUCT_BUNDLE_IDENTIFIER = "com.dayo.swift.Siwft4---------UITests";
				PRODUCT_NAME = "$(TARGET_NAME)";
				SWIFT_VERSION = 4.0;
				TARGETED_DEVICE_FAMILY = "1,2";
				TEST_TARGET_NAME = "Siwft4 基础知识复习总结";
			};
			name = Debug;
		};
		8DB2896F208F07D40090EC85 /* Release */ = {
			isa = XCBuildConfiguration;
			buildSettings = {
				ALWAYS_EMBED_SWIFT_STANDARD_LIBRARIES = YES;
				CODE_SIGN_STYLE = Automatic;
				DEVELOPMENT_TEAM = 5A8426Z9FS;
				INFOPLIST_FILE = "Siwft4 基础知识复习总结UITests/Info.plist";
				LD_RUNPATH_SEARCH_PATHS = "$(inherited) @executable_path/Frameworks @loader_path/Frameworks";
				PRODUCT_BUNDLE_IDENTIFIER = "com.dayo.swift.Siwft4---------UITests";
				PRODUCT_NAME = "$(TARGET_NAME)";
				SWIFT_VERSION = 4.0;
				TARGETED_DEVICE_FAMILY = "1,2";
				TEST_TARGET_NAME = "Siwft4 基础知识复习总结";
			};
			name = Release;
		};
/* End XCBuildConfiguration section */

/* Begin XCConfigurationList section */
		8DB2893A208F07D40090EC85 /* Build configuration list for PBXProject "Siwft4 基础知识复习总结" */ = {
			isa = XCConfigurationList;
			buildConfigurations = (
				8DB28965208F07D40090EC85 /* Debug */,
				8DB28966208F07D40090EC85 /* Release */,
			);
			defaultConfigurationIsVisible = 0;
			defaultConfigurationName = Release;
		};
		8DB28967208F07D40090EC85 /* Build configuration list for PBXNativeTarget "Siwft4 基础知识复习总结" */ = {
			isa = XCConfigurationList;
			buildConfigurations = (
				8DB28968208F07D40090EC85 /* Debug */,
				8DB28969208F07D40090EC85 /* Release */,
			);
			defaultConfigurationIsVisible = 0;
			defaultConfigurationName = Release;
		};
		8DB2896A208F07D40090EC85 /* Build configuration list for PBXNativeTarget "Siwft4 基础知识复习总结Tests" */ = {
			isa = XCConfigurationList;
			buildConfigurations = (
				8DB2896B208F07D40090EC85 /* Debug */,
				8DB2896C208F07D40090EC85 /* Release */,
			);
			defaultConfigurationIsVisible = 0;
			defaultConfigurationName = Release;
		};
		8DB2896D208F07D40090EC85 /* Build configuration list for PBXNativeTarget "Siwft4 基础知识复习总结UITests" */ = {
			isa = XCConfigurationList;
			buildConfigurations = (
				8DB2896E208F07D40090EC85 /* Debug */,
				8DB2896F208F07D40090EC85 /* Release */,
			);
			defaultConfigurationIsVisible = 0;
			defaultConfigurationName = Release;
		};
/* End XCConfigurationList section */
	};
	rootObject = 8DB28937208F07D40090EC85 /* Project object */;
}
